
Microsoft Visual Studio Solution File, Format Version 12.00
# Visual Studio Version 16
VisualStudioVersion = 16.0.30717.126
MinimumVisualStudioVersion = 10.0.40219.1
Project("{FAE04EC0-301F-11D3-BF4B-00C04F79EFBC}") = "Breakdown", "Breakdown.csproj", "{8C64957D-449E-4086-AFE4-0239DC675F48}"
EndProject
Global
	GlobalSection(SolutionConfigurationPlatforms) = preSolution
		Debug|Any CPU = Debug|Any CPU
		Release|Any CPU = Release|Any CPU
	EndGlobalSection
	GlobalSection(ProjectConfigurationPlatforms) = postSolution
		{8C64957D-449E-4086-AFE4-0239DC675F48}.Debug|Any CPU.ActiveCfg = Debug|Any CPU
		{8C64957D-449E-4086-AFE4-0239DC675F48}.Debug|Any CPU.Build.0 = Debug|Any CPU
		{8C64957D-449E-4086-AFE4-0239DC675F48}.Release|Any CPU.ActiveCfg = Release|Any CPU
		{8C64957D-449E-4086-AFE4-0239DC675F48}.Release|Any CPU.Build.0 = Release|Any CPU
	EndGlobalSection
	GlobalSection(SolutionProperties) = preSolution
		HideSolutionNode = FALSE
	EndGlobalSection
	GlobalSection(ExtensibilityGlobals) = postSolution
		SolutionGuid = {1660C772-0AF1-4D62-A4E0-078B04957A4E}
	EndGlobalSection
EndGlobal
